
Microsoft Visual Studio Solution File, Format Version 12.00
# Visual Studio 2012
Project("{FAE04EC0-301F-11D3-BF4B-00C04F79EFBC}") = "ChooseYourDevApp", "ChooseYourDevApp\ChooseYourDevApp.csproj", "{BC2689E7-935D-43F4-89D6-F3B6A5547090}"
EndProject
Global
	GlobalSection(SolutionConfigurationPlatforms) = preSolution
		Debug|Any CPU = Debug|Any CPU
		Release|Any CPU = Release|Any CPU
	EndGlobalSection
	GlobalSection(ProjectConfigurationPlatforms) = postSolution
		{BC2689E7-935D-43F4-89D6-F3B6A5547090}.Debug|Any CPU.ActiveCfg = Debug|Any CPU
		{BC2689E7-935D-43F4-89D6-F3B6A5547090}.Debug|Any CPU.Build.0 = Debug|Any CPU
		{BC2689E7-935D-43F4-89D6-F3B6A5547090}.Release|Any CPU.ActiveCfg = Release|Any CPU
		{BC2689E7-935D-43F4-89D6-F3B6A5547090}.Release|Any CPU.Build.0 = Release|Any CPU
	EndGlobalSection
EndGlobal
